// !$*UTF8*$!
{
	archiveVersion = 1;
	classes = {
	};
	objectVersion = 46;
	objects = {

/* Begin PBXBuildFile section */
		879966031EDDCBA5007F5D57 /* AppDelegate.swift in Sources */ = {isa = PBXBuildFile; fileRef = 879966021EDDCBA5007F5D57 /* AppDelegate.swift */; };
		8799660A1EDDCBA5007F5D57 /* Main.storyboard in Resources */ = {isa = PBXBuildFile; fileRef = 879966081EDDCBA5007F5D57 /* Main.storyboard */; };
		8799660C1EDDCBA5007F5D57 /* Assets.xcassets in Resources */ = {isa = PBXBuildFile; fileRef = 8799660B1EDDCBA5007F5D57 /* Assets.xcassets */; };
		8799660F1EDDCBA5007F5D57 /* LaunchScreen.storyboard in Resources */ = {isa = PBXBuildFile; fileRef = 8799660D1EDDCBA5007F5D57 /* LaunchScreen.storyboard */; };
		879966171EDDCBCA007F5D57 /* Home.storyboard in Resources */ = {isa = PBXBuildFile; fileRef = 879966161EDDCBCA007F5D57 /* Home.storyboard */; };
		8799661D1EDDCCED007F5D57 /* Profile.storyboard in Resources */ = {isa = PBXBuildFile; fileRef = 8799661C1EDDCCED007F5D57 /* Profile.storyboard */; };
		879966231EDDDB37007F5D57 /* User.swift in Sources */ = {isa = PBXBuildFile; fileRef = 879966221EDDDB37007F5D57 /* User.swift */; };
		87CC97481EDFA42A0026568A /* NewTopicViewController.swift in Sources */ = {isa = PBXBuildFile; fileRef = 87CC97471EDFA42A0026568A /* NewTopicViewController.swift */; };
		87CC974A1EDFA4300026568A /* NewTopic.storyboard in Resources */ = {isa = PBXBuildFile; fileRef = 87CC97491EDFA4300026568A /* NewTopic.storyboard */; };
		87CC974C1EDFA4680026568A /* ProfileViewController.swift in Sources */ = {isa = PBXBuildFile; fileRef = 87CC974B1EDFA4680026568A /* ProfileViewController.swift */; };
		87F3BD911EDFA51600BACEB7 /* DataSingleton.swift in Sources */ = {isa = PBXBuildFile; fileRef = 87F3BD901EDFA51600BACEB7 /* DataSingleton.swift */; };
		87F3BD941EDFA53C00BACEB7 /* HomePostCollectionViewCell.swift in Sources */ = {isa = PBXBuildFile; fileRef = 87F3BD921EDFA53C00BACEB7 /* HomePostCollectionViewCell.swift */; };
		87F3BD951EDFA53C00BACEB7 /* HomeViewController.swift in Sources */ = {isa = PBXBuildFile; fileRef = 87F3BD931EDFA53C00BACEB7 /* HomeViewController.swift */; };
		87F3BD971EDFA55C00BACEB7 /* Topic.swift in Sources */ = {isa = PBXBuildFile; fileRef = 87F3BD961EDFA55C00BACEB7 /* Topic.swift */; };
/* End PBXBuildFile section */

/* Begin PBXFileReference section */
		879965FF1EDDCBA5007F5D57 /* reddit_clone_pp.app */ = {isa = PBXFileReference; explicitFileType = wrapper.application; includeInIndex = 0; path = reddit_clone_pp.app; sourceTree = BUILT_PRODUCTS_DIR; };
		879966021EDDCBA5007F5D57 /* AppDelegate.swift */ = {isa = PBXFileReference; lastKnownFileType = sourcecode.swift; path = AppDelegate.swift; sourceTree = "<group>"; };
		879966091EDDCBA5007F5D57 /* Base */ = {isa = PBXFileReference; lastKnownFileType = file.storyboard; name = Base; path = Base.lproj/Main.storyboard; sourceTree = "<group>"; };
		8799660B1EDDCBA5007F5D57 /* Assets.xcassets */ = {isa = PBXFileReference; lastKnownFileType = folder.assetcatalog; path = Assets.xcassets; sourceTree = "<group>"; };
		8799660E1EDDCBA5007F5D57 /* Base */ = {isa = PBXFileReference; lastKnownFileType = file.storyboard; name = Base; path = Base.lproj/LaunchScreen.storyboard; sourceTree = "<group>"; };
		879966101EDDCBA5007F5D57 /* Info.plist */ = {isa = PBXFileReference; lastKnownFileType = text.plist.xml; path = Info.plist; sourceTree = "<group>"; };
		879966161EDDCBCA007F5D57 /* Home.storyboard */ = {isa = PBXFileReference; fileEncoding = 4; lastKnownFileType = file.storyboard; path = Home.storyboard; sourceTree = "<group>"; };
		8799661C1EDDCCED007F5D57 /* Profile.storyboard */ = {isa = PBXFileReference; fileEncoding = 4; lastKnownFileType = file.storyboard; path = Profile.storyboard; sourceTree = "<group>"; };
		879966221EDDDB37007F5D57 /* User.swift */ = {isa = PBXFileReference; fileEncoding = 4; lastKnownFileType = sourcecode.swift; path = User.swift; sourceTree = "<group>"; };
		87CC97471EDFA42A0026568A /* NewTopicViewController.swift */ = {isa = PBXFileReference; fileEncoding = 4; lastKnownFileType = sourcecode.swift; path = NewTopicViewController.swift; sourceTree = "<group>"; };
		87CC97491EDFA4300026568A /* NewTopic.storyboard */ = {isa = PBXFileReference; fileEncoding = 4; lastKnownFileType = file.storyboard; path = NewTopic.storyboard; sourceTree = "<group>"; };
		87CC974B1EDFA4680026568A /* ProfileViewController.swift */ = {isa = PBXFileReference; fileEncoding = 4; lastKnownFileType = sourcecode.swift; path = ProfileViewController.swift; sourceTree = "<group>"; };
		87F3BD901EDFA51600BACEB7 /* DataSingleton.swift */ = {isa = PBXFileReference; fileEncoding = 4; lastKnownFileType = sourcecode.swift; path = DataSingleton.swift; sourceTree = "<group>"; };
		87F3BD921EDFA53C00BACEB7 /* HomePostCollectionViewCell.swift */ = {isa = PBXFileReference; fileEncoding = 4; lastKnownFileType = sourcecode.swift; path = HomePostCollectionViewCell.swift; sourceTree = "<group>"; };
		87F3BD931EDFA53C00BACEB7 /* HomeViewController.swift */ = {isa = PBXFileReference; fileEncoding = 4; lastKnownFileType = sourcecode.swift; path = HomeViewController.swift; sourceTree = "<group>"; };
		87F3BD961EDFA55C00BACEB7 /* Topic.swift */ = {isa = PBXFileReference; fileEncoding = 4; lastKnownFileType = sourcecode.swift; path = Topic.swift; sourceTree = "<group>"; };
/* End PBXFileReference section */

/* Begin PBXFrameworksBuildPhase section */
		879965FC1EDDCBA5007F5D57 /* Frameworks */ = {
			isa = PBXFrameworksBuildPhase;
			buildActionMask = 2147483647;
			files = (
			);
			runOnlyForDeploymentPostprocessing = 0;
		};
/* End PBXFrameworksBuildPhase section */

/* Begin PBXGroup section */
		879965F61EDDCBA5007F5D57 = {
			isa = PBXGroup;
			children = (
				879966011EDDCBA5007F5D57 /* reddit_clone_pp */,
				879966001EDDCBA5007F5D57 /* Products */,
			);
			sourceTree = "<group>";
		};
		879966001EDDCBA5007F5D57 /* Products */ = {
			isa = PBXGroup;
			children = (
				879965FF1EDDCBA5007F5D57 /* reddit_clone_pp.app */,
			);
			name = Products;
			sourceTree = "<group>";
		};
		879966011EDDCBA5007F5D57 /* reddit_clone_pp */ = {
			isa = PBXGroup;
			children = (
				879966021EDDCBA5007F5D57 /* AppDelegate.swift */,
				879966221EDDDB37007F5D57 /* User.swift */,
				87F3BD901EDFA51600BACEB7 /* DataSingleton.swift */,
				879966081EDDCBA5007F5D57 /* Main.storyboard */,
				879966161EDDCBCA007F5D57 /* Home.storyboard */,
				8799661C1EDDCCED007F5D57 /* Profile.storyboard */,
				87F3BD961EDFA55C00BACEB7 /* Topic.swift */,
				87CC974B1EDFA4680026568A /* ProfileViewController.swift */,
				87CC97471EDFA42A0026568A /* NewTopicViewController.swift */,
				87F3BD921EDFA53C00BACEB7 /* HomePostCollectionViewCell.swift */,
				87F3BD931EDFA53C00BACEB7 /* HomeViewController.swift */,
				87CC97491EDFA4300026568A /* NewTopic.storyboard */,
				8799660B1EDDCBA5007F5D57 /* Assets.xcassets */,
				8799660D1EDDCBA5007F5D57 /* LaunchScreen.storyboard */,
				879966101EDDCBA5007F5D57 /* Info.plist */,
			);
			path = reddit_clone_pp;
			sourceTree = "<group>";
		};
/* End PBXGroup section */

/* Begin PBXNativeTarget section */
		879965FE1EDDCBA5007F5D57 /* reddit_clone_pp */ = {
			isa = PBXNativeTarget;
			buildConfigurationList = 879966131EDDCBA5007F5D57 /* Build configuration list for PBXNativeTarget "reddit_clone_pp" */;
			buildPhases = (
				879965FB1EDDCBA5007F5D57 /* Sources */,
				879965FC1EDDCBA5007F5D57 /* Frameworks */,
				879965FD1EDDCBA5007F5D57 /* Resources */,
			);
			buildRules = (
			);
			dependencies = (
			);
			name = reddit_clone_pp;
			productName = reddit_clone_pp;
			productReference = 879965FF1EDDCBA5007F5D57 /* reddit_clone_pp.app */;
			productType = "com.apple.product-type.application";
		};
/* End PBXNativeTarget section */

/* Begin PBXProject section */
		879965F71EDDCBA5007F5D57 /* Project object */ = {
			isa = PBXProject;
			attributes = {
				LastSwiftUpdateCheck = 0830;
				LastUpgradeCheck = 0830;
				ORGANIZATIONNAME = thepoppingone;
				TargetAttributes = {
					879965FE1EDDCBA5007F5D57 = {
						CreatedOnToolsVersion = 8.3.2;
						DevelopmentTeam = QMGVL45SJP;
						ProvisioningStyle = Automatic;
					};
				};
			};
			buildConfigurationList = 879965FA1EDDCBA5007F5D57 /* Build configuration list for PBXProject "reddit_clone_pp" */;
			compatibilityVersion = "Xcode 3.2";
			developmentRegion = English;
			hasScannedForEncodings = 0;
			knownRegions = (
				en,
				Base,
			);
			mainGroup = 879965F61EDDCBA5007F5D57;
			productRefGroup = 879966001EDDCBA5007F5D57 /* Products */;
			projectDirPath = "";
			projectRoot = "";
			targets = (
				879965FE1EDDCBA5007F5D57 /* reddit_clone_pp */,
			);
		};
/* End PBXProject section */

/* Begin PBXResourcesBuildPhase section */
		879965FD1EDDCBA5007F5D57 /* Resources */ = {
			isa = PBXResourcesBuildPhase;
			buildActionMask = 2147483647;
			files = (
				8799660F1EDDCBA5007F5D57 /* LaunchScreen.storyboard in Resources */,
				8799660C1EDDCBA5007F5D57 /* Assets.xcassets in Resources */,
				879966171EDDCBCA007F5D57 /* Home.storyboard in Resources */,
				8799660A1EDDCBA5007F5D57 /* Main.storyboard in Resources */,
				8799661D1EDDCCED007F5D57 /* Profile.storyboard in Resources */,
				87CC974A1EDFA4300026568A /* NewTopic.storyboard in Resources */,
			);
			runOnlyForDeploymentPostprocessing = 0;
		};
/* End PBXResourcesBuildPhase section */

/* Begin PBXSourcesBuildPhase section */
		879965FB1EDDCBA5007F5D57 /* Sources */ = {
			isa = PBXSourcesBuildPhase;
			buildActionMask = 2147483647;
			files = (
				879966031EDDCBA5007F5D57 /* AppDelegate.swift in Sources */,
				879966231EDDDB37007F5D57 /* User.swift in Sources */,
				87CC974C1EDFA4680026568A /* ProfileViewController.swift in Sources */,
				87CC97481EDFA42A0026568A /* NewTopicViewController.swift in Sources */,
				87F3BD941EDFA53C00BACEB7 /* HomePostCollectionViewCell.swift in Sources */,
				87F3BD971EDFA55C00BACEB7 /* Topic.swift in Sources */,
				87F3BD951EDFA53C00BACEB7 /* HomeViewController.swift in Sources */,
				87F3BD911EDFA51600BACEB7 /* DataSingleton.swift in Sources */,
			);
			runOnlyForDeploymentPostprocessing = 0;
		};
/* End PBXSourcesBuildPhase section */

/* Begin PBXVariantGroup section */
		879966081EDDCBA5007F5D57 /* Main.storyboard */ = {
			isa = PBXVariantGroup;
			children = (
				879966091EDDCBA5007F5D57 /* Base */,
			);
			name = Main.storyboard;
			sourceTree = "<group>";
		};
		8799660D1EDDCBA5007F5D57 /* LaunchScreen.storyboard */ = {
			isa = PBXVariantGroup;
			children = (
				8799660E1EDDCBA5007F5D57 /* Base */,
			);
			name = LaunchScreen.storyboard;
			sourceTree = "<group>";
		};
/* End PBXVariantGroup section */

/* Begin XCBuildConfiguration section */
		879966111EDDCBA5007F5D57 /* Debug */ = {
			isa = XCBuildConfiguration;
			buildSettings = {
				ALWAYS_SEARCH_USER_PATHS = NO;
				CLANG_ANALYZER_NONNULL = YES;
				CLANG_ANALYZER_NUMBER_OBJECT_CONVERSION = YES_AGGRESSIVE;
				CLANG_CXX_LANGUAGE_STANDARD = "gnu++0x";
				CLANG_CXX_LIBRARY = "libc++";
				CLANG_ENABLE_MODULES = YES;
				CLANG_ENABLE_OBJC_ARC = YES;
				CLANG_WARN_BOOL_CONVERSION = YES;
				CLANG_WARN_CONSTANT_CONVERSION = YES;
				CLANG_WARN_DIRECT_OBJC_ISA_USAGE = YES_ERROR;
				CLANG_WARN_DOCUMENTATION_COMMENTS = YES;
				CLANG_WARN_EMPTY_BODY = YES;
				CLANG_WARN_ENUM_CONVERSION = YES;
				CLANG_WARN_INFINITE_RECURSION = YES;
				CLANG_WARN_INT_CONVERSION = YES;
				CLANG_WARN_OBJC_ROOT_CLASS = YES_ERROR;
				CLANG_WARN_SUSPICIOUS_MOVE = YES;
				CLANG_WARN_UNREACHABLE_CODE = YES;
				CLANG_WARN__DUPLICATE_METHOD_MATCH = YES;
				"CODE_SIGN_IDENTITY[sdk=iphoneos*]" = "iPhone Developer";
				COPY_PHASE_STRIP = NO;
				DEBUG_INFORMATION_FORMAT = dwarf;
				ENABLE_STRICT_OBJC_MSGSEND = YES;
				ENABLE_TESTABILITY = YES;
				GCC_C_LANGUAGE_STANDARD = gnu99;
				GCC_DYNAMIC_NO_PIC = NO;
				GCC_NO_COMMON_BLOCKS = YES;
				GCC_OPTIMIZATION_LEVEL = 0;
				GCC_PREPROCESSOR_DEFINITIONS = (
					"DEBUG=1",
					"$(inherited)",
				);
				GCC_WARN_64_TO_32_BIT_CONVERSION = YES;
				GCC_WARN_ABOUT_RETURN_TYPE = YES_ERROR;
				GCC_WARN_UNDECLARED_SELECTOR = YES;
				GCC_WARN_UNINITIALIZED_AUTOS = YES_AGGRESSIVE;
				GCC_WARN_UNUSED_FUNCTION = YES;
				GCC_WARN_UNUSED_VARIABLE = YES;
				IPHONEOS_DEPLOYMENT_TARGET = 10.3;
				MTL_ENABLE_DEBUG_INFO = YES;
				ONLY_ACTIVE_ARCH = YES;
				SDKROOT = iphoneos;
				SWIFT_ACTIVE_COMPILATION_CONDITIONS = DEBUG;
				SWIFT_OPTIMIZATION_LEVEL = "-Onone";
				TARGETED_DEVICE_FAMILY = "1,2";
			};
			name = Debug;
		};
		879966121EDDCBA5007F5D57 /* Release */ = {
			isa = XCBuildConfiguration;
			buildSettings = {
				ALWAYS_SEARCH_USER_PATHS = NO;
				CLANG_ANALYZER_NONNULL = YES;
				CLANG_ANALYZER_NUMBER_OBJECT_CONVERSION = YES_AGGRESSIVE;
				CLANG_CXX_LANGUAGE_STANDARD = "gnu++0x";
				CLANG_CXX_LIBRARY = "libc++";
				CLANG_ENABLE_MODULES = YES;
				CLANG_ENABLE_OBJC_ARC = YES;
				CLANG_WARN_BOOL_CONVERSION = YES;
				CLANG_WARN_CONSTANT_CONVERSION = YES;
				CLANG_WARN_DIRECT_OBJC_ISA_USAGE = YES_ERROR;
				CLANG_WARN_DOCUMENTATION_COMMENTS = YES;
				CLANG_WARN_EMPTY_BODY = YES;
				CLANG_WARN_ENUM_CONVERSION = YES;
				CLANG_WARN_INFINITE_RECURSION = YES;
				CLANG_WARN_INT_CONVERSION = YES;
				CLANG_WARN_OBJC_ROOT_CLASS = YES_ERROR;
				CLANG_WARN_SUSPICIOUS_MOVE = YES;
				CLANG_WARN_UNREACHABLE_CODE = YES;
				CLANG_WARN__DUPLICATE_METHOD_MATCH = YES;
				"CODE_SIGN_IDENTITY[sdk=iphoneos*]" = "iPhone Developer";
				COPY_PHASE_STRIP = NO;
				DEBUG_INFORMATION_FORMAT = "dwarf-with-dsym";
				ENABLE_NS_ASSERTIONS = NO;
				ENABLE_STRICT_OBJC_MSGSEND = YES;
				GCC_C_LANGUAGE_STANDARD = gnu99;
				GCC_NO_COMMON_BLOCKS = YES;
				GCC_WARN_64_TO_32_BIT_CONVERSION = YES;
				GCC_WARN_ABOUT_RETURN_TYPE = YES_ERROR;
				GCC_WARN_UNDECLARED_SELECTOR = YES;
				GCC_WARN_UNINITIALIZED_AUTOS = YES_AGGRESSIVE;
				GCC_WARN_UNUSED_FUNCTION = YES;
				GCC_WARN_UNUSED_VARIABLE = YES;
				IPHONEOS_DEPLOYMENT_TARGET = 10.3;
				MTL_ENABLE_DEBUG_INFO = NO;
				SDKROOT = iphoneos;
				SWIFT_OPTIMIZATION_LEVEL = "-Owholemodule";
				TARGETED_DEVICE_FAMILY = "1,2";
				VALIDATE_PRODUCT = YES;
			};
			name = Release;
		};
		879966141EDDCBA5007F5D57 /* Debug */ = {
			isa = XCBuildConfiguration;
			buildSettings = {
				ASSETCATALOG_COMPILER_APPICON_NAME = AppIcon;
				DEVELOPMENT_TEAM = QMGVL45SJP;
				INFOPLIST_FILE = reddit_clone_pp/Info.plist;
				LD_RUNPATH_SEARCH_PATHS = "$(inherited) @executable_path/Frameworks";
				PRODUCT_BUNDLE_IDENTIFIER = "thepoppingone.reddit-clone-pp";
				PRODUCT_NAME = "$(TARGET_NAME)";
				SWIFT_VERSION = 3.0;
			};
			name = Debug;
		};
		879966151EDDCBA5007F5D57 /* Release */ = {
			isa = XCBuildConfiguration;
			buildSettings = {
				ASSETCATALOG_COMPILER_APPICON_NAME = AppIcon;
				DEVELOPMENT_TEAM = QMGVL45SJP;
				INFOPLIST_FILE = reddit_clone_pp/Info.plist;
				LD_RUNPATH_SEARCH_PATHS = "$(inherited) @executable_path/Frameworks";
				PRODUCT_BUNDLE_IDENTIFIER = "thepoppingone.reddit-clone-pp";
				PRODUCT_NAME = "$(TARGET_NAME)";
				SWIFT_VERSION = 3.0;
			};
			name = Release;
		};
/* End XCBuildConfiguration section */

/* Begin XCConfigurationList section */
		879965FA1EDDCBA5007F5D57 /* Build configuration list for PBXProject "reddit_clone_pp" */ = {
			isa = XCConfigurationList;
			buildConfigurations = (
				879966111EDDCBA5007F5D57 /* Debug */,
				879966121EDDCBA5007F5D57 /* Release */,
			);
			defaultConfigurationIsVisible = 0;
			defaultConfigurationName = Release;
		};
		879966131EDDCBA5007F5D57 /* Build configuration list for PBXNativeTarget "reddit_clone_pp" */ = {
			isa = XCConfigurationList;
			buildConfigurations = (
				879966141EDDCBA5007F5D57 /* Debug */,
				879966151EDDCBA5007F5D57 /* Release */,
			);
			defaultConfigurationIsVisible = 0;
			defaultConfigurationName = Release;
		};
/* End XCConfigurationList section */
	};
	rootObject = 879965F71EDDCBA5007F5D57 /* Project object */;
}
